<Solution>
  <Project Path="DB-Parsers/DB-Files-Parsers.csproj" Id="da0d3d69-5502-4cbc-859e-d1035864e54b" />
  <Project Path="Excercises1/Fundamentals.csproj" />
  <Project Path="Math-Exercises/Math-Exercises.csproj" Id="e92afcef-e91b-4de0-a86e-d47dd07ed2b6" />
  <Project Path="Misc-Exercises/Misc-Exercises.csproj" Id="8921687c-e619-43a6-870a-4dcd15409173" />
</Solution>
